
Microsoft Visual Studio Solution File, Format Version 12.00
# Visual Studio 2017
Project("{FAE04EC0-301F-11D3-BF4B-00C04F79EFBC}") = "ActionGame", "ActionGame.csproj", "{12166C3E-BD21-7029-867E-370044A68721}"
EndProject
Project("{FAE04EC0-301F-11D3-BF4B-00C04F79EFBC}") = "ActionGame.Editor", "ActionGame.Editor.csproj", "{48C6D3C6-695D-E666-E5C7-5A964781B2AB}"
EndProject
Global
	GlobalSection(SolutionConfigurationPlatforms) = preSolution
		Debug|Any CPU = Debug|Any CPU
		Release|Any CPU = Release|Any CPU
	EndGlobalSection
	GlobalSection(ProjectConfigurationPlatforms) = postSolution
		{12166C3E-BD21-7029-867E-370044A68721}.Debug|Any CPU.ActiveCfg = Debug|Any CPU
		{12166C3E-BD21-7029-867E-370044A68721}.Debug|Any CPU.Build.0 = Debug|Any CPU
		{12166C3E-BD21-7029-867E-370044A68721}.Release|Any CPU.ActiveCfg = Release|Any CPU
		{12166C3E-BD21-7029-867E-370044A68721}.Release|Any CPU.Build.0 = Release|Any CPU
		{48C6D3C6-695D-E666-E5C7-5A964781B2AB}.Debug|Any CPU.ActiveCfg = Debug|Any CPU
		{48C6D3C6-695D-E666-E5C7-5A964781B2AB}.Debug|Any CPU.Build.0 = Debug|Any CPU
		{48C6D3C6-695D-E666-E5C7-5A964781B2AB}.Release|Any CPU.ActiveCfg = Release|Any CPU
		{48C6D3C6-695D-E666-E5C7-5A964781B2AB}.Release|Any CPU.Build.0 = Release|Any CPU
	EndGlobalSection
	GlobalSection(SolutionProperties) = preSolution
		HideSolutionNode = FALSE
	EndGlobalSection
EndGlobal
